
Microsoft Visual Studio Solution File, Format Version 12.00
# Visual Studio Version 16
VisualStudioVersion = 16.0.30717.126
MinimumVisualStudioVersion = 10.0.40219.1
Project("{FAE04EC0-301F-11D3-BF4B-00C04F79EFBC}") = "MonoPixelPlanets", "MonoPixelPlanets.csproj", "{EEF8FBF4-FE31-41B2-9D7E-22A1786EC984}"
EndProject
Global
	GlobalSection(SolutionConfigurationPlatforms) = preSolution
		Debug|Any CPU = Debug|Any CPU
		Release|Any CPU = Release|Any CPU
	EndGlobalSection
	GlobalSection(ProjectConfigurationPlatforms) = postSolution
		{EEF8FBF4-FE31-41B2-9D7E-22A1786EC984}.Debug|Any CPU.ActiveCfg = Debug|Any CPU
		{EEF8FBF4-FE31-41B2-9D7E-22A1786EC984}.Debug|Any CPU.Build.0 = Debug|Any CPU
		{EEF8FBF4-FE31-41B2-9D7E-22A1786EC984}.Release|Any CPU.ActiveCfg = Release|Any CPU
		{EEF8FBF4-FE31-41B2-9D7E-22A1786EC984}.Release|Any CPU.Build.0 = Release|Any CPU
	EndGlobalSection
	GlobalSection(SolutionProperties) = preSolution
		HideSolutionNode = FALSE
	EndGlobalSection
	GlobalSection(ExtensibilityGlobals) = postSolution
		SolutionGuid = {27EE71F3-31FA-4B99-B6F8-0F6A63BB11D6}
	EndGlobalSection
EndGlobal
