
Microsoft Visual Studio Solution File, Format Version 12.00
# Visual Studio Version 16
VisualStudioVersion = 16.0.31025.194
MinimumVisualStudioVersion = 10.0.40219.1
Project("{FAE04EC0-301F-11D3-BF4B-00C04F79EFBC}") = "PixelPlanets", "PixelPlanets.csproj", "{EBD4F950-24AD-45CC-9AA4-E1A182CB92D4}"
EndProject
Global
	GlobalSection(SolutionConfigurationPlatforms) = preSolution
		Debug|Any CPU = Debug|Any CPU
		Release|Any CPU = Release|Any CPU
	EndGlobalSection
	GlobalSection(ProjectConfigurationPlatforms) = postSolution
		{EBD4F950-24AD-45CC-9AA4-E1A182CB92D4}.Debug|Any CPU.ActiveCfg = Debug|Any CPU
		{EBD4F950-24AD-45CC-9AA4-E1A182CB92D4}.Debug|Any CPU.Build.0 = Debug|Any CPU
		{EBD4F950-24AD-45CC-9AA4-E1A182CB92D4}.Release|Any CPU.ActiveCfg = Release|Any CPU
		{EBD4F950-24AD-45CC-9AA4-E1A182CB92D4}.Release|Any CPU.Build.0 = Release|Any CPU
	EndGlobalSection
	GlobalSection(SolutionProperties) = preSolution
		HideSolutionNode = FALSE
	EndGlobalSection
	GlobalSection(ExtensibilityGlobals) = postSolution
		SolutionGuid = {0ADD8D32-4BF3-4321-B668-C79B6D4816B7}
	EndGlobalSection
EndGlobal
